<?xml version="1.0" encoding="utf-8"?>
<Project ToolsVersion="17.0" xmlns="http://schemas.microsoft.com/developer/msbuild/2003">
  <ItemGroup>
    <CustomBuild Include="C:\Egor\Python\Library\C++\SeaBattle\CMakeFiles\00b8b1212e9598459612542a5cb486a0\NightlyMemoryCheck.rule">
      <Filter>CMake Rules</Filter>
    </CustomBuild>
    <CustomBuild Include="C:\Egor\Python\Library\C++\SeaBattle\CMakeLists.txt" />
  </ItemGroup>
  <ItemGroup>
    <None Include="C:\Egor\Python\Library\C++\SeaBattle\CMakeFiles\NightlyMemoryCheck" />
  </ItemGroup>
  <ItemGroup>
    <Filter Include="CMake Rules">
      <UniqueIdentifier>{9B38584E-E1FF-3E5E-99E7-9ADD4B7B9505}</UniqueIdentifier>
    </Filter>
  </ItemGroup>
</Project>
