
Microsoft Visual Studio Solution File, Format Version 12.00
# Visual Studio Version 17
Project("{8BC9CEB8-8B4A-11D0-8D11-00A0C91BC942}") = "ALL_BUILD", "ALL_BUILD.vcxproj", "{8FE90CE3-AFA6-3C63-A2D1-0071F8D955FA}"
	ProjectSection(ProjectDependencies) = postProject
		{FF2B0837-D96F-37A7-9C72-C5039C7AF677} = {FF2B0837-D96F-37A7-9C72-C5039C7AF677}
		{57417396-ED81-3982-9DC3-758EB89DF785} = {57417396-ED81-3982-9DC3-758EB89DF785}
	EndProjectSection
EndProject
Project("{8BC9CEB8-8B4A-11D0-8D11-00A0C91BC942}") = "Continuous", "Continuous.vcxproj", "{5DF91B69-29E3-3D6E-8938-1615DFDC440E}"
	ProjectSection(ProjectDependencies) = postProject
		{57417396-ED81-3982-9DC3-758EB89DF785} = {57417396-ED81-3982-9DC3-758EB89DF785}
	EndProjectSection
EndProject
Project("{8BC9CEB8-8B4A-11D0-8D11-00A0C91BC942}") = "Experimental", "Experimental.vcxproj", "{68744BE5-F82A-3C35-A6A8-D3DC5ABBFD93}"
	ProjectSection(ProjectDependencies) = postProject
		{57417396-ED81-3982-9DC3-758EB89DF785} = {57417396-ED81-3982-9DC3-758EB89DF785}
	EndProjectSection
EndProject
Project("{8BC9CEB8-8B4A-11D0-8D11-00A0C91BC942}") = "Nightly", "Nightly.vcxproj", "{82E1B12D-8FA6-3C45-B189-37753C0D8C77}"
	ProjectSection(ProjectDependencies) = postProject
		{57417396-ED81-3982-9DC3-758EB89DF785} = {57417396-ED81-3982-9DC3-758EB89DF785}
	EndProjectSection
EndProject
Project("{8BC9CEB8-8B4A-11D0-8D11-00A0C91BC942}") = "NightlyMemoryCheck", "NightlyMemoryCheck.vcxproj", "{A174128C-38EB-3640-910E-1F42B53AC484}"
	ProjectSection(ProjectDependencies) = postProject
		{57417396-ED81-3982-9DC3-758EB89DF785} = {57417396-ED81-3982-9DC3-758EB89DF785}
	EndProjectSection
EndProject
Project("{8BC9CEB8-8B4A-11D0-8D11-00A0C91BC942}") = "PACKAGE", "PACKAGE.vcxproj", "{10E34BE0-C919-3965-A4B3-4D071FA8C05A}"
	ProjectSection(ProjectDependencies) = postProject
		{8FE90CE3-AFA6-3C63-A2D1-0071F8D955FA} = {8FE90CE3-AFA6-3C63-A2D1-0071F8D955FA}
		{57417396-ED81-3982-9DC3-758EB89DF785} = {57417396-ED81-3982-9DC3-758EB89DF785}
	EndProjectSection
EndProject
Project("{8BC9CEB8-8B4A-11D0-8D11-00A0C91BC942}") = "RUN_TESTS", "RUN_TESTS.vcxproj", "{6F6C300E-2C12-318D-A321-EAA8B8014D1D}"
	ProjectSection(ProjectDependencies) = postProject
		{57417396-ED81-3982-9DC3-758EB89DF785} = {57417396-ED81-3982-9DC3-758EB89DF785}
	EndProjectSection
EndProject
Project("{8BC9CEB8-8B4A-11D0-8D11-00A0C91BC942}") = "SeaBattleGame", "SeaBattleGame.vcxproj", "{FF2B0837-D96F-37A7-9C72-C5039C7AF677}"
	ProjectSection(ProjectDependencies) = postProject
		{57417396-ED81-3982-9DC3-758EB89DF785} = {57417396-ED81-3982-9DC3-758EB89DF785}
	EndProjectSection
EndProject
Project("{8BC9CEB8-8B4A-11D0-8D11-00A0C91BC942}") = "ZERO_CHECK", "ZERO_CHECK.vcxproj", "{57417396-ED81-3982-9DC3-758EB89DF785}"
	ProjectSection(ProjectDependencies) = postProject
	EndProjectSection
EndProject
Global
	GlobalSection(SolutionConfigurationPlatforms) = preSolution
		Debug|x64 = Debug|x64
		Release|x64 = Release|x64
		MinSizeRel|x64 = MinSizeRel|x64
		RelWithDebInfo|x64 = RelWithDebInfo|x64
	EndGlobalSection
	GlobalSection(ProjectConfigurationPlatforms) = postSolution
		{8FE90CE3-AFA6-3C63-A2D1-0071F8D955FA}.Debug|x64.ActiveCfg = Debug|x64
		{8FE90CE3-AFA6-3C63-A2D1-0071F8D955FA}.Debug|x64.Build.0 = Debug|x64
		{8FE90CE3-AFA6-3C63-A2D1-0071F8D955FA}.Release|x64.ActiveCfg = Release|x64
		{8FE90CE3-AFA6-3C63-A2D1-0071F8D955FA}.Release|x64.Build.0 = Release|x64
		{8FE90CE3-AFA6-3C63-A2D1-0071F8D955FA}.MinSizeRel|x64.ActiveCfg = MinSizeRel|x64
		{8FE90CE3-AFA6-3C63-A2D1-0071F8D955FA}.MinSizeRel|x64.Build.0 = MinSizeRel|x64
		{8FE90CE3-AFA6-3C63-A2D1-0071F8D955FA}.RelWithDebInfo|x64.ActiveCfg = RelWithDebInfo|x64
		{8FE90CE3-AFA6-3C63-A2D1-0071F8D955FA}.RelWithDebInfo|x64.Build.0 = RelWithDebInfo|x64
		{5DF91B69-29E3-3D6E-8938-1615DFDC440E}.Debug|x64.ActiveCfg = Debug|x64
		{5DF91B69-29E3-3D6E-8938-1615DFDC440E}.Release|x64.ActiveCfg = Release|x64
		{5DF91B69-29E3-3D6E-8938-1615DFDC440E}.MinSizeRel|x64.ActiveCfg = MinSizeRel|x64
		{5DF91B69-29E3-3D6E-8938-1615DFDC440E}.RelWithDebInfo|x64.ActiveCfg = RelWithDebInfo|x64
		{68744BE5-F82A-3C35-A6A8-D3DC5ABBFD93}.Debug|x64.ActiveCfg = Debug|x64
		{68744BE5-F82A-3C35-A6A8-D3DC5ABBFD93}.Release|x64.ActiveCfg = Release|x64
		{68744BE5-F82A-3C35-A6A8-D3DC5ABBFD93}.MinSizeRel|x64.ActiveCfg = MinSizeRel|x64
		{68744BE5-F82A-3C35-A6A8-D3DC5ABBFD93}.RelWithDebInfo|x64.ActiveCfg = RelWithDebInfo|x64
		{82E1B12D-8FA6-3C45-B189-37753C0D8C77}.Debug|x64.ActiveCfg = Debug|x64
		{82E1B12D-8FA6-3C45-B189-37753C0D8C77}.Release|x64.ActiveCfg = Release|x64
		{82E1B12D-8FA6-3C45-B189-37753C0D8C77}.MinSizeRel|x64.ActiveCfg = MinSizeRel|x64
		{82E1B12D-8FA6-3C45-B189-37753C0D8C77}.RelWithDebInfo|x64.ActiveCfg = RelWithDebInfo|x64
		{A174128C-38EB-3640-910E-1F42B53AC484}.Debug|x64.ActiveCfg = Debug|x64
		{A174128C-38EB-3640-910E-1F42B53AC484}.Release|x64.ActiveCfg = Release|x64
		{A174128C-38EB-3640-910E-1F42B53AC484}.MinSizeRel|x64.ActiveCfg = MinSizeRel|x64
		{A174128C-38EB-3640-910E-1F42B53AC484}.RelWithDebInfo|x64.ActiveCfg = RelWithDebInfo|x64
		{10E34BE0-C919-3965-A4B3-4D071FA8C05A}.Debug|x64.ActiveCfg = Debug|x64
		{10E34BE0-C919-3965-A4B3-4D071FA8C05A}.Release|x64.ActiveCfg = Release|x64
		{10E34BE0-C919-3965-A4B3-4D071FA8C05A}.MinSizeRel|x64.ActiveCfg = MinSizeRel|x64
		{10E34BE0-C919-3965-A4B3-4D071FA8C05A}.RelWithDebInfo|x64.ActiveCfg = RelWithDebInfo|x64
		{6F6C300E-2C12-318D-A321-EAA8B8014D1D}.Debug|x64.ActiveCfg = Debug|x64
		{6F6C300E-2C12-318D-A321-EAA8B8014D1D}.Release|x64.ActiveCfg = Release|x64
		{6F6C300E-2C12-318D-A321-EAA8B8014D1D}.MinSizeRel|x64.ActiveCfg = MinSizeRel|x64
		{6F6C300E-2C12-318D-A321-EAA8B8014D1D}.RelWithDebInfo|x64.ActiveCfg = RelWithDebInfo|x64
		{FF2B0837-D96F-37A7-9C72-C5039C7AF677}.Debug|x64.ActiveCfg = Debug|x64
		{FF2B0837-D96F-37A7-9C72-C5039C7AF677}.Debug|x64.Build.0 = Debug|x64
		{FF2B0837-D96F-37A7-9C72-C5039C7AF677}.Release|x64.ActiveCfg = Release|x64
		{FF2B0837-D96F-37A7-9C72-C5039C7AF677}.Release|x64.Build.0 = Release|x64
		{FF2B0837-D96F-37A7-9C72-C5039C7AF677}.MinSizeRel|x64.ActiveCfg = MinSizeRel|x64
		{FF2B0837-D96F-37A7-9C72-C5039C7AF677}.MinSizeRel|x64.Build.0 = MinSizeRel|x64
		{FF2B0837-D96F-37A7-9C72-C5039C7AF677}.RelWithDebInfo|x64.ActiveCfg = RelWithDebInfo|x64
		{FF2B0837-D96F-37A7-9C72-C5039C7AF677}.RelWithDebInfo|x64.Build.0 = RelWithDebInfo|x64
		{57417396-ED81-3982-9DC3-758EB89DF785}.Debug|x64.ActiveCfg = Debug|x64
		{57417396-ED81-3982-9DC3-758EB89DF785}.Debug|x64.Build.0 = Debug|x64
		{57417396-ED81-3982-9DC3-758EB89DF785}.Release|x64.ActiveCfg = Release|x64
		{57417396-ED81-3982-9DC3-758EB89DF785}.Release|x64.Build.0 = Release|x64
		{57417396-ED81-3982-9DC3-758EB89DF785}.MinSizeRel|x64.ActiveCfg = MinSizeRel|x64
		{57417396-ED81-3982-9DC3-758EB89DF785}.MinSizeRel|x64.Build.0 = MinSizeRel|x64
		{57417396-ED81-3982-9DC3-758EB89DF785}.RelWithDebInfo|x64.ActiveCfg = RelWithDebInfo|x64
		{57417396-ED81-3982-9DC3-758EB89DF785}.RelWithDebInfo|x64.Build.0 = RelWithDebInfo|x64
	EndGlobalSection
	GlobalSection(ExtensibilityGlobals) = postSolution
		SolutionGuid = {E74DEE1A-CDA7-3972-8E68-C5D237CF4D93}
	EndGlobalSection
	GlobalSection(ExtensibilityAddIns) = postSolution
	EndGlobalSection
EndGlobal
